
Microsoft Visual Studio Solution File, Format Version 11.00
# Visual C++ Express 2010
Project("{8BC9CEB8-8B4A-11D0-8D11-00A0C91BC942}") = "projGUI2", "projGUI2\projGUI2.vcxproj", "{007A0DC1-F45A-4B23-A9F5-DDB93023F5EB}"
EndProject
Global
	GlobalSection(SolutionConfigurationPlatforms) = preSolution
		Debug|Win32 = Debug|Win32
		Release|Win32 = Release|Win32
	EndGlobalSection
	GlobalSection(ProjectConfigurationPlatforms) = postSolution
		{007A0DC1-F45A-4B23-A9F5-DDB93023F5EB}.Debug|Win32.ActiveCfg = Debug|Win32
		{007A0DC1-F45A-4B23-A9F5-DDB93023F5EB}.Debug|Win32.Build.0 = Debug|Win32
		{007A0DC1-F45A-4B23-A9F5-DDB93023F5EB}.Release|Win32.ActiveCfg = Release|Win32
		{007A0DC1-F45A-4B23-A9F5-DDB93023F5EB}.Release|Win32.Build.0 = Release|Win32
	EndGlobalSection
	GlobalSection(SolutionProperties) = preSolution
		HideSolutionNode = FALSE
	EndGlobalSection
EndGlobal
